
Microsoft Visual Studio Solution File, Format Version 12.00
Project("{FAE04EC0-301F-11D3-BF4B-00C04F79EFBC}") = "Lab3Part1", "Lab3Part1\Lab3Part1.csproj", "{023195EA-E6D0-4197-AE21-08F9F4ABB2BA}"
EndProject
Project("{FAE04EC0-301F-11D3-BF4B-00C04F79EFBC}") = "Lab3Part2", "Lab3Part2\Lab3Part2.csproj", "{8200E45B-9281-4891-ACE6-4AAE9C55CAFE}"
EndProject
Project("{FAE04EC0-301F-11D3-BF4B-00C04F79EFBC}") = "Lab3Tests", "Lab3Tests\Lab3Tests.csproj", "{C82FCC16-45C1-49D8-87E8-A34907D737C3}"
EndProject
Global
	GlobalSection(SolutionConfigurationPlatforms) = preSolution
		Debug|Any CPU = Debug|Any CPU
		Release|Any CPU = Release|Any CPU
	EndGlobalSection
	GlobalSection(ProjectConfigurationPlatforms) = postSolution
		{023195EA-E6D0-4197-AE21-08F9F4ABB2BA}.Debug|Any CPU.ActiveCfg = Debug|Any CPU
		{023195EA-E6D0-4197-AE21-08F9F4ABB2BA}.Debug|Any CPU.Build.0 = Debug|Any CPU
		{023195EA-E6D0-4197-AE21-08F9F4ABB2BA}.Release|Any CPU.ActiveCfg = Release|Any CPU
		{023195EA-E6D0-4197-AE21-08F9F4ABB2BA}.Release|Any CPU.Build.0 = Release|Any CPU
		{8200E45B-9281-4891-ACE6-4AAE9C55CAFE}.Debug|Any CPU.ActiveCfg = Debug|Any CPU
		{8200E45B-9281-4891-ACE6-4AAE9C55CAFE}.Debug|Any CPU.Build.0 = Debug|Any CPU
		{8200E45B-9281-4891-ACE6-4AAE9C55CAFE}.Release|Any CPU.ActiveCfg = Release|Any CPU
		{8200E45B-9281-4891-ACE6-4AAE9C55CAFE}.Release|Any CPU.Build.0 = Release|Any CPU
		{C82FCC16-45C1-49D8-87E8-A34907D737C3}.Debug|Any CPU.ActiveCfg = Debug|Any CPU
		{C82FCC16-45C1-49D8-87E8-A34907D737C3}.Debug|Any CPU.Build.0 = Debug|Any CPU
		{C82FCC16-45C1-49D8-87E8-A34907D737C3}.Release|Any CPU.ActiveCfg = Release|Any CPU
		{C82FCC16-45C1-49D8-87E8-A34907D737C3}.Release|Any CPU.Build.0 = Release|Any CPU
	EndGlobalSection
EndGlobal
